github.com/ZacharyDuve/apireg v0.1.25 h1:ai9A3vleE3nM9WQSiZ/VwsutQfUf9vr0mF2ktA+hM48=
github.com/ZacharyDuve/apireg v0.1.25/go.mod h1:Aj7Z4+6ERKwkVFofHckX6Oawjd+NKgNScRM3LCPrM6A=
github.com/ZacharyDuve/serverid v0.1.1/go.mod h1:ey0acV15Hv3n7H8fbaWSd9X1NVV5Lzm0ukRgehv3o+g=
github.com/ZacharyDuve/serverid v0.1.2 h1:DlteK6fJ1YeWrS5spHMUaKy2nQEXTowOal8WHBoABGM=
github.com/ZacharyDuve/serverid v0.1.2/go.mod h1:ey0acV15Hv3n7H8fbaWSd9X1NVV5Lzm0ukRgehv3o+g=
github.com/google/uuid v1.3.0 h1:t6JiXgmwXMjEs8VusXIJk2BXHsn+wx8BZdTaoZ5fu7I=
github.com/google/uuid v1.3.0/go.mod h1:TIyPZe4MgqvfeYDBFedMoGGpEw/LqOeaOT+nhxU+yHo=
github.com/gorilla/mux v1.8.0 h1:i40aqfkR1h2SlN9hojwV5ZA91wcXFOvkdNIeFDP5koI=
github.com/gorilla/mux v1.8.0/go.mod h1:DVbg23sWSpFRCP0SfiEN6jmj59UnW/n46BH5rLB71So=
github.com/gorilla/websocket v1.5.0 h1:PPwGk2jz7EePpoHN/+ClbZu8SPxiqlu12wZP/3sWmnc=
github.com/gorilla/websocket v1.5.0/go.mod h1:YR8l580nyteQvAITg2hZ9XVh4b55+EU/adAjf1fMHhE=
github.com/jonboulle/clockwork v0.3.0 h1:9BSCMi8C+0qdApAp4auwX0RkLGUjs956h0EkuQymUhg=
periph.io/x/conn/v3 v3.7.0 h1:f1EXLn4pkf7AEWwkol2gilCNZ0ElY+bxS4WE2PQXfrA=
periph.io/x/conn/v3 v3.7.0/go.mod h1:ypY7UVxgDbP9PJGwFSVelRRagxyXYfttVh7hJZUHEhg=
periph.io/x/host/v3 v3.8.2 h1:ayKUDzgUCN0g8+/xM9GTkWaOBhSLVcVHGTfjAOi8OsQ=
periph.io/x/host/v3 v3.8.2/go.mod h1:yFL76AesNHR68PboofSWYaQTKmvPXsQH2Apvp/ls/K4=
