github.com/ZacharyDuve/apireg v0.1.25 h1:ai9A3vleE3nM9WQSiZ/VwsutQfUf9vr0mF2ktA+hM48=
github.com/ZacharyDuve/apireg v0.1.25/go.mod h1:Aj7Z4+6ERKwkVFofHckX6Oawjd+NKgNScRM3LCPrM6A=
github.com/ZacharyDuve/eventsocket v0.9.2 h1:+R6Lz2OAu0UqKVApSXwfUN5GWyO2cg1EcxKuByBMjQI=
github.com/ZacharyDuve/eventsocket v0.9.2/go.mod h1:Sj17Cr/TNVpgUnkGSSjc0BmHIo9JkZSNagHg6WHSeOk=
github.com/ZacharyDuve/serverid v0.1.1 h1:qW20ljiht1u9YgMqLFhpKwHnoDOvFnQZV05SmLxF8ks=
github.com/ZacharyDuve/serverid v0.1.1/go.mod h1:ey0acV15Hv3n7H8fbaWSd9X1NVV5Lzm0ukRgehv3o+g=
github.com/google/uuid v1.3.0 h1:t6JiXgmwXMjEs8VusXIJk2BXHsn+wx8BZdTaoZ5fu7I=
github.com/google/uuid v1.3.0/go.mod h1:TIyPZe4MgqvfeYDBFedMoGGpEw/LqOeaOT+nhxU+yHo=
github.com/gorilla/mux v1.8.0 h1:i40aqfkR1h2SlN9hojwV5ZA91wcXFOvkdNIeFDP5koI=
github.com/gorilla/mux v1.8.0/go.mod h1:DVbg23sWSpFRCP0SfiEN6jmj59UnW/n46BH5rLB71So=
github.com/gorilla/websocket v1.5.0 h1:PPwGk2jz7EePpoHN/+ClbZu8SPxiqlu12wZP/3sWmnc=
github.com/gorilla/websocket v1.5.0/go.mod h1:YR8l580nyteQvAITg2hZ9XVh4b55+EU/adAjf1fMHhE=
github.com/jonboulle/clockwork v0.2.2 h1:UOGuzwb1PwsrDAObMuhUnj0p5ULPj8V/xJ7Kx9qUBdQ=
github.com/jonboulle/clockwork v0.2.2/go.mod h1:Pkfl5aHPm1nk2H9h0bjmnJD/BcgbGXUBGnn1kMkgxc8=
periph.io/x/conn/v3 v3.6.10 h1:gwU4ssmZkq1D/uz8hU91i/COo2c9DrRaS4PJZBbCd+c=
periph.io/x/conn/v3 v3.6.10/go.mod h1:UqWNaPMosWmNCwtufoTSTTYhB2wXWsMRAJyo1PlxO4Q=
periph.io/x/d2xx v0.0.4/go.mod h1:38Euaaj+s6l0faIRHh32a+PrjXvxFTFkPBEQI0TKg34=
periph.io/x/host/v3 v3.7.2 h1:rCAUxkzy2xrzh18HP2AoVwTL/fEKqmcJ1icsZQGM58Q=
periph.io/x/host/v3 v3.7.2/go.mod h1:nHMlzkPwmnHyP9Tn0I8FV+e0N3K7TjFXLZkIWzAicog=
